
Microsoft Visual Studio Solution File, Format Version 12.00
# Visual Studio Version 17
VisualStudioVersion = 17.1.32210.238
MinimumVisualStudioVersion = 10.0.40219.1
Project("{2150E333-8FDC-42A3-9474-1A3956D46DE8}") = "_Documentation", "_Documentation", "{EED74AFF-E9A0-4087-ABAB-F4DB0F1C5351}"
	ProjectSection(SolutionItems) = preProject
		dev-notes-001.md = dev-notes-001.md
		_Documentation\dummy-file-test-pr.txt = _Documentation\dummy-file-test-pr.txt
		_Documentation\scratch-pad.txt = _Documentation\scratch-pad.txt
	EndProjectSection
EndProject
Project("{9A19103F-16F7-4668-BE54-9A1E7A4F7556}") = "FlaUI.Adapter.Fss", "FlaUI.Adapter.Fss\FlaUI.Adapter.Fss.csproj", "{664643AF-0F18-4FBE-B9E5-DAB41146A777}"
EndProject
Project("{2150E333-8FDC-42A3-9474-1A3956D46DE8}") = "_solution files", "_solution files", "{CFF1C120-B00D-46AC-A968-2EAD54D4AB5B}"
EndProject
Project("{9A19103F-16F7-4668-BE54-9A1E7A4F7556}") = "FlaUI.Adapter.Fss.Specs", "FlaUI.Adapter.Fss.Specs\FlaUI.Adapter.Fss.Specs.csproj", "{096F0149-47BF-4268-B441-EDFC28DFD497}"
EndProject
Global
	GlobalSection(SolutionConfigurationPlatforms) = preSolution
		Debug|Any CPU = Debug|Any CPU
		Release|Any CPU = Release|Any CPU
	EndGlobalSection
	GlobalSection(ProjectConfigurationPlatforms) = postSolution
		{664643AF-0F18-4FBE-B9E5-DAB41146A777}.Debug|Any CPU.ActiveCfg = Debug|Any CPU
		{664643AF-0F18-4FBE-B9E5-DAB41146A777}.Debug|Any CPU.Build.0 = Debug|Any CPU
		{664643AF-0F18-4FBE-B9E5-DAB41146A777}.Release|Any CPU.ActiveCfg = Release|Any CPU
		{664643AF-0F18-4FBE-B9E5-DAB41146A777}.Release|Any CPU.Build.0 = Release|Any CPU
		{096F0149-47BF-4268-B441-EDFC28DFD497}.Debug|Any CPU.ActiveCfg = Debug|Any CPU
		{096F0149-47BF-4268-B441-EDFC28DFD497}.Debug|Any CPU.Build.0 = Debug|Any CPU
		{096F0149-47BF-4268-B441-EDFC28DFD497}.Release|Any CPU.ActiveCfg = Release|Any CPU
		{096F0149-47BF-4268-B441-EDFC28DFD497}.Release|Any CPU.Build.0 = Release|Any CPU
	EndGlobalSection
	GlobalSection(SolutionProperties) = preSolution
		HideSolutionNode = FALSE
	EndGlobalSection
	GlobalSection(ExtensibilityGlobals) = postSolution
		SolutionGuid = {7F5D5510-2664-4108-8B7F-A6D7D59C18F1}
	EndGlobalSection
EndGlobal
